
Microsoft Visual Studio Solution File, Format Version 12.00
# Visual Studio 15
VisualStudioVersion = 15.0.28307.852
MinimumVisualStudioVersion = 10.0.40219.1
Project("{8BC9CEB8-8B4A-11D0-8D11-00A0C91BC942}") = "MiniEngine", "MiniEngine\MiniEngine.vcxproj", "{FD01BCDF-A673-4DBA-8CB5-0E68E5FA2CFB}"
EndProject
Global
	GlobalSection(SolutionConfigurationPlatforms) = preSolution
		Debug|x64 = Debug|x64
		Debug|x86 = Debug|x86
		Release|x64 = Release|x64
		Release|x86 = Release|x86
	EndGlobalSection
	GlobalSection(ProjectConfigurationPlatforms) = postSolution
		{FD01BCDF-A673-4DBA-8CB5-0E68E5FA2CFB}.Debug|x64.ActiveCfg = Debug|x64
		{FD01BCDF-A673-4DBA-8CB5-0E68E5FA2CFB}.Debug|x64.Build.0 = Debug|x64
		{FD01BCDF-A673-4DBA-8CB5-0E68E5FA2CFB}.Debug|x86.ActiveCfg = Debug|Win32
		{FD01BCDF-A673-4DBA-8CB5-0E68E5FA2CFB}.Debug|x86.Build.0 = Debug|Win32
		{FD01BCDF-A673-4DBA-8CB5-0E68E5FA2CFB}.Release|x64.ActiveCfg = Release|x64
		{FD01BCDF-A673-4DBA-8CB5-0E68E5FA2CFB}.Release|x64.Build.0 = Release|x64
		{FD01BCDF-A673-4DBA-8CB5-0E68E5FA2CFB}.Release|x86.ActiveCfg = Release|Win32
		{FD01BCDF-A673-4DBA-8CB5-0E68E5FA2CFB}.Release|x86.Build.0 = Release|Win32
	EndGlobalSection
	GlobalSection(SolutionProperties) = preSolution
		HideSolutionNode = FALSE
	EndGlobalSection
	GlobalSection(ExtensibilityGlobals) = postSolution
		SolutionGuid = {1A3E4181-ECF6-4C78-91F0-EEAC5DFE4AF2}
	EndGlobalSection
EndGlobal
